
Microsoft Visual Studio Solution File, Format Version 12.00
# Visual Studio Version 17
Project("{2150E333-8FDC-42A3-9474-1A3956D46DE8}") = "CMake", "CMake", "{E1BD78D8-AE0D-3F8F-94AF-9754248DF8C5}"
EndProject
Project("{2150E333-8FDC-42A3-9474-1A3956D46DE8}") = "SFML", "SFML", "{5579D2D0-9BB2-38DC-86CE-D545FEDB3FBE}"
EndProject
Project("{8BC9CEB8-8B4A-11D0-8D11-00A0C91BC942}") = "ALL_BUILD", "ALL_BUILD.vcxproj", "{29CEE540-4863-379E-89A6-F4FE80D114A1}"
	ProjectSection(ProjectDependencies) = postProject
		{9D5E0C78-FA7F-3E0E-B710-259F22CF0242} = {9D5E0C78-FA7F-3E0E-B710-259F22CF0242}
		{0C262840-14B9-388B-A786-9A36AC6D8055} = {0C262840-14B9-388B-A786-9A36AC6D8055}
		{92355EBB-F5CC-3F05-B0DB-03349FCEDC50} = {92355EBB-F5CC-3F05-B0DB-03349FCEDC50}
		{B628ED91-5B02-36CA-A995-15AB296E055F} = {B628ED91-5B02-36CA-A995-15AB296E055F}
		{EB556170-18CC-3C80-8C5B-5F74629D39BE} = {EB556170-18CC-3C80-8C5B-5F74629D39BE}
		{2B6B6DAF-3259-3F19-A2E6-9CFB8E21E2E4} = {2B6B6DAF-3259-3F19-A2E6-9CFB8E21E2E4}
		{574C8EE0-A5B5-3599-AD49-84B6BADE4410} = {574C8EE0-A5B5-3599-AD49-84B6BADE4410}
		{6CFAFA49-3A54-3BD7-9F5A-4AF7265AE317} = {6CFAFA49-3A54-3BD7-9F5A-4AF7265AE317}
	EndProjectSection
EndProject
Project("{8BC9CEB8-8B4A-11D0-8D11-00A0C91BC942}") = "INSTALL", "INSTALL.vcxproj", "{413BF767-8BBE-314D-A98A-5644E60A792A}"
	ProjectSection(ProjectDependencies) = postProject
		{29CEE540-4863-379E-89A6-F4FE80D114A1} = {29CEE540-4863-379E-89A6-F4FE80D114A1}
		{0C262840-14B9-388B-A786-9A36AC6D8055} = {0C262840-14B9-388B-A786-9A36AC6D8055}
	EndProjectSection
EndProject
Project("{8BC9CEB8-8B4A-11D0-8D11-00A0C91BC942}") = "PACKAGE", "PACKAGE.vcxproj", "{76918CDD-BF27-319D-9FE8-9DA9A5536F25}"
	ProjectSection(ProjectDependencies) = postProject
		{29CEE540-4863-379E-89A6-F4FE80D114A1} = {29CEE540-4863-379E-89A6-F4FE80D114A1}
		{0C262840-14B9-388B-A786-9A36AC6D8055} = {0C262840-14B9-388B-A786-9A36AC6D8055}
	EndProjectSection
EndProject
Project("{8BC9CEB8-8B4A-11D0-8D11-00A0C91BC942}") = "PRACTICAL_1", "PRACTICAL_1.vcxproj", "{9D5E0C78-FA7F-3E0E-B710-259F22CF0242}"
	ProjectSection(ProjectDependencies) = postProject
		{0C262840-14B9-388B-A786-9A36AC6D8055} = {0C262840-14B9-388B-A786-9A36AC6D8055}
		{B628ED91-5B02-36CA-A995-15AB296E055F} = {B628ED91-5B02-36CA-A995-15AB296E055F}
		{574C8EE0-A5B5-3599-AD49-84B6BADE4410} = {574C8EE0-A5B5-3599-AD49-84B6BADE4410}
		{6CFAFA49-3A54-3BD7-9F5A-4AF7265AE317} = {6CFAFA49-3A54-3BD7-9F5A-4AF7265AE317}
	EndProjectSection
EndProject
Project("{8BC9CEB8-8B4A-11D0-8D11-00A0C91BC942}") = "ZERO_CHECK", "ZERO_CHECK.vcxproj", "{0C262840-14B9-388B-A786-9A36AC6D8055}"
	ProjectSection(ProjectDependencies) = postProject
	EndProjectSection
EndProject
Project("{8BC9CEB8-8B4A-11D0-8D11-00A0C91BC942}") = "sfml-audio", "lib\sfml\src\SFML\Audio\sfml-audio.vcxproj", "{92355EBB-F5CC-3F05-B0DB-03349FCEDC50}"
	ProjectSection(ProjectDependencies) = postProject
		{0C262840-14B9-388B-A786-9A36AC6D8055} = {0C262840-14B9-388B-A786-9A36AC6D8055}
		{574C8EE0-A5B5-3599-AD49-84B6BADE4410} = {574C8EE0-A5B5-3599-AD49-84B6BADE4410}
	EndProjectSection
EndProject
Project("{8BC9CEB8-8B4A-11D0-8D11-00A0C91BC942}") = "sfml-graphics", "lib\sfml\src\SFML\Graphics\sfml-graphics.vcxproj", "{B628ED91-5B02-36CA-A995-15AB296E055F}"
	ProjectSection(ProjectDependencies) = postProject
		{0C262840-14B9-388B-A786-9A36AC6D8055} = {0C262840-14B9-388B-A786-9A36AC6D8055}
		{574C8EE0-A5B5-3599-AD49-84B6BADE4410} = {574C8EE0-A5B5-3599-AD49-84B6BADE4410}
		{6CFAFA49-3A54-3BD7-9F5A-4AF7265AE317} = {6CFAFA49-3A54-3BD7-9F5A-4AF7265AE317}
	EndProjectSection
EndProject
Project("{8BC9CEB8-8B4A-11D0-8D11-00A0C91BC942}") = "sfml-main", "lib\sfml\src\SFML\Main\sfml-main.vcxproj", "{EB556170-18CC-3C80-8C5B-5F74629D39BE}"
	ProjectSection(ProjectDependencies) = postProject
		{0C262840-14B9-388B-A786-9A36AC6D8055} = {0C262840-14B9-388B-A786-9A36AC6D8055}
	EndProjectSection
EndProject
Project("{8BC9CEB8-8B4A-11D0-8D11-00A0C91BC942}") = "sfml-network", "lib\sfml\src\SFML\Network\sfml-network.vcxproj", "{2B6B6DAF-3259-3F19-A2E6-9CFB8E21E2E4}"
	ProjectSection(ProjectDependencies) = postProject
		{0C262840-14B9-388B-A786-9A36AC6D8055} = {0C262840-14B9-388B-A786-9A36AC6D8055}
		{574C8EE0-A5B5-3599-AD49-84B6BADE4410} = {574C8EE0-A5B5-3599-AD49-84B6BADE4410}
	EndProjectSection
EndProject
Project("{8BC9CEB8-8B4A-11D0-8D11-00A0C91BC942}") = "sfml-system", "lib\sfml\src\SFML\System\sfml-system.vcxproj", "{574C8EE0-A5B5-3599-AD49-84B6BADE4410}"
	ProjectSection(ProjectDependencies) = postProject
		{0C262840-14B9-388B-A786-9A36AC6D8055} = {0C262840-14B9-388B-A786-9A36AC6D8055}
	EndProjectSection
EndProject
Project("{8BC9CEB8-8B4A-11D0-8D11-00A0C91BC942}") = "sfml-window", "lib\sfml\src\SFML\Window\sfml-window.vcxproj", "{6CFAFA49-3A54-3BD7-9F5A-4AF7265AE317}"
	ProjectSection(ProjectDependencies) = postProject
		{0C262840-14B9-388B-A786-9A36AC6D8055} = {0C262840-14B9-388B-A786-9A36AC6D8055}
		{574C8EE0-A5B5-3599-AD49-84B6BADE4410} = {574C8EE0-A5B5-3599-AD49-84B6BADE4410}
	EndProjectSection
EndProject
Global
	GlobalSection(SolutionConfigurationPlatforms) = preSolution
		Debug|x64 = Debug|x64
		Release|x64 = Release|x64
		MinSizeRel|x64 = MinSizeRel|x64
		RelWithDebInfo|x64 = RelWithDebInfo|x64
	EndGlobalSection
	GlobalSection(ProjectConfigurationPlatforms) = postSolution
		{29CEE540-4863-379E-89A6-F4FE80D114A1}.Debug|x64.ActiveCfg = Debug|x64
		{29CEE540-4863-379E-89A6-F4FE80D114A1}.Debug|x64.Build.0 = Debug|x64
		{29CEE540-4863-379E-89A6-F4FE80D114A1}.Release|x64.ActiveCfg = Release|x64
		{29CEE540-4863-379E-89A6-F4FE80D114A1}.Release|x64.Build.0 = Release|x64
		{29CEE540-4863-379E-89A6-F4FE80D114A1}.MinSizeRel|x64.ActiveCfg = MinSizeRel|x64
		{29CEE540-4863-379E-89A6-F4FE80D114A1}.MinSizeRel|x64.Build.0 = MinSizeRel|x64
		{29CEE540-4863-379E-89A6-F4FE80D114A1}.RelWithDebInfo|x64.ActiveCfg = RelWithDebInfo|x64
		{29CEE540-4863-379E-89A6-F4FE80D114A1}.RelWithDebInfo|x64.Build.0 = RelWithDebInfo|x64
		{413BF767-8BBE-314D-A98A-5644E60A792A}.Debug|x64.ActiveCfg = Debug|x64
		{413BF767-8BBE-314D-A98A-5644E60A792A}.Release|x64.ActiveCfg = Release|x64
		{413BF767-8BBE-314D-A98A-5644E60A792A}.MinSizeRel|x64.ActiveCfg = MinSizeRel|x64
		{413BF767-8BBE-314D-A98A-5644E60A792A}.RelWithDebInfo|x64.ActiveCfg = RelWithDebInfo|x64
		{76918CDD-BF27-319D-9FE8-9DA9A5536F25}.Debug|x64.ActiveCfg = Debug|x64
		{76918CDD-BF27-319D-9FE8-9DA9A5536F25}.Release|x64.ActiveCfg = Release|x64
		{76918CDD-BF27-319D-9FE8-9DA9A5536F25}.MinSizeRel|x64.ActiveCfg = MinSizeRel|x64
		{76918CDD-BF27-319D-9FE8-9DA9A5536F25}.RelWithDebInfo|x64.ActiveCfg = RelWithDebInfo|x64
		{9D5E0C78-FA7F-3E0E-B710-259F22CF0242}.Debug|x64.ActiveCfg = Debug|x64
		{9D5E0C78-FA7F-3E0E-B710-259F22CF0242}.Debug|x64.Build.0 = Debug|x64
		{9D5E0C78-FA7F-3E0E-B710-259F22CF0242}.Release|x64.ActiveCfg = Release|x64
		{9D5E0C78-FA7F-3E0E-B710-259F22CF0242}.Release|x64.Build.0 = Release|x64
		{9D5E0C78-FA7F-3E0E-B710-259F22CF0242}.MinSizeRel|x64.ActiveCfg = MinSizeRel|x64
		{9D5E0C78-FA7F-3E0E-B710-259F22CF0242}.MinSizeRel|x64.Build.0 = MinSizeRel|x64
		{9D5E0C78-FA7F-3E0E-B710-259F22CF0242}.RelWithDebInfo|x64.ActiveCfg = RelWithDebInfo|x64
		{9D5E0C78-FA7F-3E0E-B710-259F22CF0242}.RelWithDebInfo|x64.Build.0 = RelWithDebInfo|x64
		{0C262840-14B9-388B-A786-9A36AC6D8055}.Debug|x64.ActiveCfg = Debug|x64
		{0C262840-14B9-388B-A786-9A36AC6D8055}.Debug|x64.Build.0 = Debug|x64
		{0C262840-14B9-388B-A786-9A36AC6D8055}.Release|x64.ActiveCfg = Release|x64
		{0C262840-14B9-388B-A786-9A36AC6D8055}.Release|x64.Build.0 = Release|x64
		{0C262840-14B9-388B-A786-9A36AC6D8055}.MinSizeRel|x64.ActiveCfg = MinSizeRel|x64
		{0C262840-14B9-388B-A786-9A36AC6D8055}.MinSizeRel|x64.Build.0 = MinSizeRel|x64
		{0C262840-14B9-388B-A786-9A36AC6D8055}.RelWithDebInfo|x64.ActiveCfg = RelWithDebInfo|x64
		{0C262840-14B9-388B-A786-9A36AC6D8055}.RelWithDebInfo|x64.Build.0 = RelWithDebInfo|x64
		{92355EBB-F5CC-3F05-B0DB-03349FCEDC50}.Debug|x64.ActiveCfg = Debug|x64
		{92355EBB-F5CC-3F05-B0DB-03349FCEDC50}.Debug|x64.Build.0 = Debug|x64
		{92355EBB-F5CC-3F05-B0DB-03349FCEDC50}.Release|x64.ActiveCfg = Release|x64
		{92355EBB-F5CC-3F05-B0DB-03349FCEDC50}.Release|x64.Build.0 = Release|x64
		{92355EBB-F5CC-3F05-B0DB-03349FCEDC50}.MinSizeRel|x64.ActiveCfg = MinSizeRel|x64
		{92355EBB-F5CC-3F05-B0DB-03349FCEDC50}.MinSizeRel|x64.Build.0 = MinSizeRel|x64
		{92355EBB-F5CC-3F05-B0DB-03349FCEDC50}.RelWithDebInfo|x64.ActiveCfg = RelWithDebInfo|x64
		{92355EBB-F5CC-3F05-B0DB-03349FCEDC50}.RelWithDebInfo|x64.Build.0 = RelWithDebInfo|x64
		{B628ED91-5B02-36CA-A995-15AB296E055F}.Debug|x64.ActiveCfg = Debug|x64
		{B628ED91-5B02-36CA-A995-15AB296E055F}.Debug|x64.Build.0 = Debug|x64
		{B628ED91-5B02-36CA-A995-15AB296E055F}.Release|x64.ActiveCfg = Release|x64
		{B628ED91-5B02-36CA-A995-15AB296E055F}.Release|x64.Build.0 = Release|x64
		{B628ED91-5B02-36CA-A995-15AB296E055F}.MinSizeRel|x64.ActiveCfg = MinSizeRel|x64
		{B628ED91-5B02-36CA-A995-15AB296E055F}.MinSizeRel|x64.Build.0 = MinSizeRel|x64
		{B628ED91-5B02-36CA-A995-15AB296E055F}.RelWithDebInfo|x64.ActiveCfg = RelWithDebInfo|x64
		{B628ED91-5B02-36CA-A995-15AB296E055F}.RelWithDebInfo|x64.Build.0 = RelWithDebInfo|x64
		{EB556170-18CC-3C80-8C5B-5F74629D39BE}.Debug|x64.ActiveCfg = Debug|x64
		{EB556170-18CC-3C80-8C5B-5F74629D39BE}.Debug|x64.Build.0 = Debug|x64
		{EB556170-18CC-3C80-8C5B-5F74629D39BE}.Release|x64.ActiveCfg = Release|x64
		{EB556170-18CC-3C80-8C5B-5F74629D39BE}.Release|x64.Build.0 = Release|x64
		{EB556170-18CC-3C80-8C5B-5F74629D39BE}.MinSizeRel|x64.ActiveCfg = MinSizeRel|x64
		{EB556170-18CC-3C80-8C5B-5F74629D39BE}.MinSizeRel|x64.Build.0 = MinSizeRel|x64
		{EB556170-18CC-3C80-8C5B-5F74629D39BE}.RelWithDebInfo|x64.ActiveCfg = RelWithDebInfo|x64
		{EB556170-18CC-3C80-8C5B-5F74629D39BE}.RelWithDebInfo|x64.Build.0 = RelWithDebInfo|x64
		{2B6B6DAF-3259-3F19-A2E6-9CFB8E21E2E4}.Debug|x64.ActiveCfg = Debug|x64
		{2B6B6DAF-3259-3F19-A2E6-9CFB8E21E2E4}.Debug|x64.Build.0 = Debug|x64
		{2B6B6DAF-3259-3F19-A2E6-9CFB8E21E2E4}.Release|x64.ActiveCfg = Release|x64
		{2B6B6DAF-3259-3F19-A2E6-9CFB8E21E2E4}.Release|x64.Build.0 = Release|x64
		{2B6B6DAF-3259-3F19-A2E6-9CFB8E21E2E4}.MinSizeRel|x64.ActiveCfg = MinSizeRel|x64
		{2B6B6DAF-3259-3F19-A2E6-9CFB8E21E2E4}.MinSizeRel|x64.Build.0 = MinSizeRel|x64
		{2B6B6DAF-3259-3F19-A2E6-9CFB8E21E2E4}.RelWithDebInfo|x64.ActiveCfg = RelWithDebInfo|x64
		{2B6B6DAF-3259-3F19-A2E6-9CFB8E21E2E4}.RelWithDebInfo|x64.Build.0 = RelWithDebInfo|x64
		{574C8EE0-A5B5-3599-AD49-84B6BADE4410}.Debug|x64.ActiveCfg = Debug|x64
		{574C8EE0-A5B5-3599-AD49-84B6BADE4410}.Debug|x64.Build.0 = Debug|x64
		{574C8EE0-A5B5-3599-AD49-84B6BADE4410}.Release|x64.ActiveCfg = Release|x64
		{574C8EE0-A5B5-3599-AD49-84B6BADE4410}.Release|x64.Build.0 = Release|x64
		{574C8EE0-A5B5-3599-AD49-84B6BADE4410}.MinSizeRel|x64.ActiveCfg = MinSizeRel|x64
		{574C8EE0-A5B5-3599-AD49-84B6BADE4410}.MinSizeRel|x64.Build.0 = MinSizeRel|x64
		{574C8EE0-A5B5-3599-AD49-84B6BADE4410}.RelWithDebInfo|x64.ActiveCfg = RelWithDebInfo|x64
		{574C8EE0-A5B5-3599-AD49-84B6BADE4410}.RelWithDebInfo|x64.Build.0 = RelWithDebInfo|x64
		{6CFAFA49-3A54-3BD7-9F5A-4AF7265AE317}.Debug|x64.ActiveCfg = Debug|x64
		{6CFAFA49-3A54-3BD7-9F5A-4AF7265AE317}.Debug|x64.Build.0 = Debug|x64
		{6CFAFA49-3A54-3BD7-9F5A-4AF7265AE317}.Release|x64.ActiveCfg = Release|x64
		{6CFAFA49-3A54-3BD7-9F5A-4AF7265AE317}.Release|x64.Build.0 = Release|x64
		{6CFAFA49-3A54-3BD7-9F5A-4AF7265AE317}.MinSizeRel|x64.ActiveCfg = MinSizeRel|x64
		{6CFAFA49-3A54-3BD7-9F5A-4AF7265AE317}.MinSizeRel|x64.Build.0 = MinSizeRel|x64
		{6CFAFA49-3A54-3BD7-9F5A-4AF7265AE317}.RelWithDebInfo|x64.ActiveCfg = RelWithDebInfo|x64
		{6CFAFA49-3A54-3BD7-9F5A-4AF7265AE317}.RelWithDebInfo|x64.Build.0 = RelWithDebInfo|x64
	EndGlobalSection
	GlobalSection(NestedProjects) = preSolution
		{29CEE540-4863-379E-89A6-F4FE80D114A1} = {E1BD78D8-AE0D-3F8F-94AF-9754248DF8C5}
		{413BF767-8BBE-314D-A98A-5644E60A792A} = {E1BD78D8-AE0D-3F8F-94AF-9754248DF8C5}
		{76918CDD-BF27-319D-9FE8-9DA9A5536F25} = {E1BD78D8-AE0D-3F8F-94AF-9754248DF8C5}
		{0C262840-14B9-388B-A786-9A36AC6D8055} = {E1BD78D8-AE0D-3F8F-94AF-9754248DF8C5}
		{92355EBB-F5CC-3F05-B0DB-03349FCEDC50} = {5579D2D0-9BB2-38DC-86CE-D545FEDB3FBE}
		{B628ED91-5B02-36CA-A995-15AB296E055F} = {5579D2D0-9BB2-38DC-86CE-D545FEDB3FBE}
		{EB556170-18CC-3C80-8C5B-5F74629D39BE} = {5579D2D0-9BB2-38DC-86CE-D545FEDB3FBE}
		{2B6B6DAF-3259-3F19-A2E6-9CFB8E21E2E4} = {5579D2D0-9BB2-38DC-86CE-D545FEDB3FBE}
		{574C8EE0-A5B5-3599-AD49-84B6BADE4410} = {5579D2D0-9BB2-38DC-86CE-D545FEDB3FBE}
		{6CFAFA49-3A54-3BD7-9F5A-4AF7265AE317} = {5579D2D0-9BB2-38DC-86CE-D545FEDB3FBE}
	EndGlobalSection
	GlobalSection(ExtensibilityGlobals) = postSolution
		SolutionGuid = {DD835011-D3B6-34CB-BF5E-765CD41F93DE}
	EndGlobalSection
	GlobalSection(ExtensibilityAddIns) = postSolution
	EndGlobalSection
EndGlobal
